{
    "_meta": {
        "hash": {
            "sha256": "72d3f8356f2f8ea7f3b4e71c3dfad141f3a1d52d428ac856aad221ace3537b98"
        },
        "pipfile-spec": 6,
        "requires": {
            "python_version": "2.7"
        },
        "sources": [
            {
                "name": "pypi",
                "url": "https://pypi.org/simple",
                "verify_ssl": true
            },
            {
                "name": "douban",
                "url": "https://pypi.doubanio.com/simple/",
                "verify_ssl": true
            }
        ]
    },
    "default": {
        "beautifulsoup4": {
            "hashes": [
                "sha256:272081ad78c5495ba67083a0e50920163701fa6fe67fbb5eefeb21b5dd88c40b",
                "sha256:5a3d659840960a4107047b6328d6d4cdaaee69939bf11adc07466a1856c99a80",
                "sha256:bd43a3b26d2886acd63070c43da821b60dea603eb6d45bab0294aac6129adbfa"
            ],
            "version": "==4.6.1"
        },
        "bs4": {
            "hashes": [
                "sha256:36ecea1fd7cc5c0c6e4a1ff075df26d50da647b75376626cc186e2212886dd3a"
            ],
            "index": "pypi",
            "version": "==0.0.1"
        },
        "certifi": {
            "hashes": [
                "sha256:13e698f54293db9f89122b0581843a782ad0934a4fe0172d2a980ba77fc61bb7",
                "sha256:9fa520c1bacfb634fa7af20a76bcbd3d5fb390481724c597da32c719a7dca4b0"
            ],
            "version": "==2018.4.16"
        },
        "chardet": {
            "hashes": [
                "sha256:84ab92ed1c4d4f16916e05906b6b75a6c0fb5db821cc65e70cbd64a3e2a5eaae",
                "sha256:fc323ffcaeaed0e0a02bf4d117757b98aed530d9ed4531e3e15460124c106691"
            ],
            "version": "==3.0.4"
        },
        "gevent": {
            "hashes": [
                "sha256:201b14bb62f72073369f86f21f824bfc079477b864590d43574d625266d358ec",
                "sha256:298fff6b452e879ffd8de2cf17b453469bef4f34fecc1c3d2252358d01000d42",
                "sha256:2e9c15461ead5714fa70fb0179927410fcaeb39125ead575472a45d13973de32",
                "sha256:32a231c52a5e8c0a5e62ffa2d25f14cfa5fe6bc8856093f5babe3f1e32d471d3",
                "sha256:425edae7557599f16bf428b84d58f5aa5623c7ed9c2c2ef4a915046799992069",
                "sha256:55fa0607b72710372d37b35e9af85755a0c8bd0e3e82d70970a349feb2b426f6",
                "sha256:5fcf30b6172c6ae4f89dbe6051971a71bb04080d0eda9a0c31862054346d1ddd",
                "sha256:6eb85cce56bf530664f7661c4bf2fe5d9d4de231c1cd2860c7563c517a6f56dc",
                "sha256:77abcc8a9e04d33325b79d2130e1faf32a02069e63131c184802bb79fb5711d1",
                "sha256:7f15861f3cc92f49663ca88c4774d26d8044783a65fbc28071a2bd1c7bf36ff0",
                "sha256:82e0eb07ab596908295d49f27e84799bff73638e13699496048d13051c8421a1",
                "sha256:856ed81267a802eeaf925d7bf1a676c721f90c162c05ae906ab9c4646086c1a3",
                "sha256:8a8bcb9bbf7af0527ef77d86fa094b647d0e8cd377c5e31c1ad1a3d456b4a10b",
                "sha256:8bbf3f2ab60e39be4363923d2b5996bff65d4163fe560280b71bb8ca18df2055",
                "sha256:916457841e4f335ccd228ac274801f1773973d27be3c53ed3ee1209f7629950e",
                "sha256:a46b85bb42aeeab11f140587b8482d0f04d4b3db6f20f6668624bb0a822a28b0",
                "sha256:a52f5cef4073d9e8d58c8c44d4795cbc2e298d374125745637d8f078f8970b6b",
                "sha256:aa04c207f6abb5d34de148e08b4d461544e808534000c4e5429eda08aa1204d6",
                "sha256:bd34e943810df73d7bf346262dae09281d045edebd086205e9ff2db377bae060",
                "sha256:d0a4d114890b6d619e81140550c45d3611588c00f2baa1d6af9362907687ca1d",
                "sha256:e2e3a6a2a147330d24e6e2b2f144c196841a707a41ee61253565d400ed7df62f"
            ],
            "index": "pypi",
            "version": "==1.3.5"
        },
        "greenlet": {
            "hashes": [
                "sha256:0411b5bf0de5ec11060925fd811ad49073fa19f995bcf408839eb619b59bb9f7",
                "sha256:131f4ed14f0fd28d2a9fa50f79a57d5ed1c8f742d3ccac3d773fee09ef6fe217",
                "sha256:13510d32f8db72a0b3e1720dbf8cba5c4eecdf07abc4cb631982f51256c453d1",
                "sha256:31dc4d77ef04ab0460d024786f51466dbbc274fda7c8aad0885a6df5ff8d642e",
                "sha256:35021d9fecea53b21e4defec0ff3ad69a8e2b75aca1ceddd444a5ba71216547e",
                "sha256:426a8ef9e3b97c27e841648241c2862442c13c91ec4a48c4a72b262ccf30add9",
                "sha256:58217698193fb94f3e6ff57eed0ae20381a8d06c2bc10151f76c06bb449a3a19",
                "sha256:5f45adbbb69281845981bb4e0a4efb8a405f10f3cd6c349cb4a5db3357c6bf93",
                "sha256:5fdb524767288f7ad161d2182f7ed6cafc0a283363728dcd04b9485f6411547c",
                "sha256:71fbee1f7ef3fb42efa3761a8faefc796e7e425f528de536cfb4c9de03bde885",
                "sha256:80bd314157851d06f7db7ca527082dbb0ee97afefb529cdcd59f7a5950927ba0",
                "sha256:b843c9ef6aed54a2649887f55959da0031595ccfaf7e7a0ba7aa681ffeaa0aa1",
                "sha256:c6a05ef8125503d2d282ccf1448e3599b8a6bd805c3cdee79760fa3da0ea090e",
                "sha256:deeda2769a52db840efe5bf7bdf7cefa0ae17b43a844a3259d39fb9465c8b008",
                "sha256:e66f8b09eec1afdcab947d3a1d65b87b25fde39e9172ae1bec562488335633b4",
                "sha256:e8db93045414980dbada8908d49dbbc0aa134277da3ff613b3e548cb275bdd37",
                "sha256:f1cc268a15ade58d9a0c04569fe6613e19b8b0345b64453064e2c3c6d79051af",
                "sha256:fe3001b6a4f3f3582a865b9e5081cc548b973ec20320f297f5e2d46860e9c703",
                "sha256:fe85bf7adb26eb47ad53a1bae5d35a28df16b2b93b89042a3a28746617a4738d"
            ],
            "markers": "platform_python_implementation == 'CPython'",
            "version": "==0.4.14"
        },
        "idna": {
            "hashes": [
                "sha256:156a6814fb5ac1fc6850fb002e0852d56c0c8d2531923a51032d1b70760e186e",
                "sha256:684a38a6f903c1d71d6d5fac066b58d7768af4de2b832e426ec79c30daa94a16"
            ],
            "version": "==2.7"
        },
        "lxml": {
            "hashes": [
                "sha256:0cf1eca0652c4409e0655e04b840d6d85b7eb18718f5fba3862acad5500e3480",
                "sha256:10624ef1b468252309f269b13af4f837e3a82be366b5f3e49b0e83f1ad66205f",
                "sha256:1259e374da3a575615fe402e0966c5894bae3d2e229c2239ba4ebf2bb020c4b6",
                "sha256:26bb748af1ead0097eb8272b8a06f15a0015b8f312eef772a95f223a16e7de56",
                "sha256:27d0b13bcfcf2f6a5664e64fc3d684c76db1cdba5a5761795d154063559e0b59",
                "sha256:2b013fdabcbc21bc2770437099b921ec290235752b5baaac7a601f75094a378d",
                "sha256:2e469ea2c0b722b9b393187649e7d126c537a68512fc92a676fe86e57050c2a9",
                "sha256:37f7c2cdf513a0ea239c1609681880fb2f0073de0d2996e0ae9a7f0ef15d8b95",
                "sha256:68c6afc7a4411db2df28307e2493c945cb3d887e8f431b81811c1ea6ba087b8b",
                "sha256:73fe3452fc02c0b418914f842f897bdad0f1184368d8d9c315294ff7b94946f2",
                "sha256:7584d83d7315f641510e5f97f4d636ea225fd76e3f8aee965b2e8c93a8169b4d",
                "sha256:76e3ec6b26b1198dd5e6e20539d8360dcd3b224cd80cadba9307b790fda79161",
                "sha256:8288a889cbaa446e5fa168837456e63098b91953c89e5857968a5091b337cdca",
                "sha256:ad9e1fee284dec97b74cd88e925eca1575145598c974243cfb5e859f406adc32",
                "sha256:b360c3769cf0fd7d82577e40e37d4caf693f67744d0d61d11d66b5c31eaccf7a",
                "sha256:c4aaf320284a2713428163bae0e7df0db3b489237ab4830179210a12d56d3068",
                "sha256:c530274e43b0f376cd94e8e0a3e6ea28de1739ec4326689bdbf626e172d2e614",
                "sha256:ca4e79294fd0f3f9e0e5a4c309df84b5f2abc62349bfaf2aaf8965e5108ef8e2",
                "sha256:ce2dc5a104e885abbd48d0cc92ae74afa1d685ee65d6e3497067207d6a26e177",
                "sha256:d295cac30d3e13e82473081ea7df2a11352b5625cb54187fcd5a8be5d9ebf315",
                "sha256:d498338b39c4757ba88bdc705b3a0647d18554856cd2d394ac3bb919ac890c9d",
                "sha256:d537f8e613074805e17039e345edaa822534f66f07d315c89cff9824aa996d65",
                "sha256:df8ba3f52ef59a553b0e94593ea526c34faa4f531c1ab7f5ca7f392bc770c9e3",
                "sha256:e2553800d2d461a2dc329682d0a9068f238ec11d763e5454c61c4df7a0346ed2",
                "sha256:e2afbe403090f5893e254958d02875e0732975e73c4c0cdd33c1f009a61963ca",
                "sha256:e740efa625883f3c4de20c7e1411228d7ce2ab47b9e874a703f6681ec0558a30",
                "sha256:ec7864b62da0f5ae44973351247f2250a25b9b544fc6aff8bd6a75da1156cc70",
                "sha256:f26ddab491b10279b7e8e3fdcbaaaba3ab282fbaecfa48a19874dfc4d53b9d4f",
                "sha256:f6a16681f30918521066ddcc4ba79c1e033c9837dd94f78f5a9f6110e7572185",
                "sha256:f968623ac9b81a6253d4bbbe3f4d1e6be5f33707f397b566935783511bfa281a"
            ],
            "index": "pypi",
            "version": "==4.2.4"
        },
        "rarfile": {
            "hashes": [
                "sha256:e816409e3b36794507cbe0b678bed3e4703d7412c5f7f9201a510ed6fdc66c35"
            ],
            "index": "pypi",
            "version": "==3.0"
        },
        "requests": {
            "hashes": [
                "sha256:63b52e3c866428a224f97cab011de738c36aec0185aa91cfacd418b5d58911d1",
                "sha256:ec22d826a36ed72a7358ff3fe56cbd4ba69dd7a6718ffd450ff0e9df7a47ce6a"
            ],
            "index": "pypi",
            "version": "==2.19.1"
        },
        "six": {
            "hashes": [
                "sha256:70e8a77beed4562e7f14fe23a786b54f6296e34344c23bc42f07b15018ff98e9",
                "sha256:832dc0e10feb1aa2c68dcc57dbb658f1c7e65b9b61af69048abc87a2db00a0eb"
            ],
            "index": "pypi",
            "version": "==1.11.0"
        },
        "urllib3": {
            "hashes": [
                "sha256:a68ac5e15e76e7e5dd2b8f94007233e01effe3e50e8daddf69acfd81cb686baf",
                "sha256:b5725a0bd4ba422ab0e66e89e030c806576753ea3ee08554382c14e685d117b5"
            ],
            "markers": "python_version != '3.2.*' and python_version != '3.3.*' and python_version != '3.0.*' and python_version != '3.1.*' and python_version < '4' and python_version >= '2.6'",
            "version": "==1.23"
        }
    },
    "develop": {
        "altgraph": {
            "hashes": [
                "sha256:d6814989f242b2b43025cba7161fc1b8fb487a62cd49c49245d6fd01c18ac997",
                "sha256:ddf5320017147ba7b810198e0b6619bd7b5563aa034da388cea8546b877f9b0c"
            ],
            "version": "==0.16.1"
        },
        "autopep8": {
            "hashes": [
                "sha256:2284d4ae2052fedb9f466c09728e30d2e231cfded5ffd7b1a20c34123fdc4ba4"
            ],
            "index": "pypi",
            "version": "==1.3.5"
        },
        "beautifulsoup4": {
            "hashes": [
                "sha256:272081ad78c5495ba67083a0e50920163701fa6fe67fbb5eefeb21b5dd88c40b",
                "sha256:5a3d659840960a4107047b6328d6d4cdaaee69939bf11adc07466a1856c99a80",
                "sha256:bd43a3b26d2886acd63070c43da821b60dea603eb6d45bab0294aac6129adbfa"
            ],
            "version": "==4.6.1"
        },
        "bs4": {
            "hashes": [
                "sha256:36ecea1fd7cc5c0c6e4a1ff075df26d50da647b75376626cc186e2212886dd3a"
            ],
            "index": "pypi",
            "version": "==0.0.1"
        },
        "certifi": {
            "hashes": [
                "sha256:13e698f54293db9f89122b0581843a782ad0934a4fe0172d2a980ba77fc61bb7",
                "sha256:9fa520c1bacfb634fa7af20a76bcbd3d5fb390481724c597da32c719a7dca4b0"
            ],
            "version": "==2018.4.16"
        },
        "chardet": {
            "hashes": [
                "sha256:84ab92ed1c4d4f16916e05906b6b75a6c0fb5db821cc65e70cbd64a3e2a5eaae",
                "sha256:fc323ffcaeaed0e0a02bf4d117757b98aed530d9ed4531e3e15460124c106691"
            ],
            "version": "==3.0.4"
        },
        "dis3": {
            "hashes": [
                "sha256:675fec228b7d7258c5f2ae527dd7d9e6799b86f5066e76d89ac3ef5455f4266c",
                "sha256:b98e5a9e3d8df54396219c0093fed1454416cec2b74ec15dc63e6a72b3bab94a"
            ],
            "version": "==0.1.2"
        },
        "future": {
            "hashes": [
                "sha256:e39ced1ab767b5936646cedba8bcce582398233d6a627067d4c6a454c90cfedb"
            ],
            "version": "==0.16.0"
        },
        "gevent": {
            "hashes": [
                "sha256:201b14bb62f72073369f86f21f824bfc079477b864590d43574d625266d358ec",
                "sha256:298fff6b452e879ffd8de2cf17b453469bef4f34fecc1c3d2252358d01000d42",
                "sha256:2e9c15461ead5714fa70fb0179927410fcaeb39125ead575472a45d13973de32",
                "sha256:32a231c52a5e8c0a5e62ffa2d25f14cfa5fe6bc8856093f5babe3f1e32d471d3",
                "sha256:425edae7557599f16bf428b84d58f5aa5623c7ed9c2c2ef4a915046799992069",
                "sha256:55fa0607b72710372d37b35e9af85755a0c8bd0e3e82d70970a349feb2b426f6",
                "sha256:5fcf30b6172c6ae4f89dbe6051971a71bb04080d0eda9a0c31862054346d1ddd",
                "sha256:6eb85cce56bf530664f7661c4bf2fe5d9d4de231c1cd2860c7563c517a6f56dc",
                "sha256:77abcc8a9e04d33325b79d2130e1faf32a02069e63131c184802bb79fb5711d1",
                "sha256:7f15861f3cc92f49663ca88c4774d26d8044783a65fbc28071a2bd1c7bf36ff0",
                "sha256:82e0eb07ab596908295d49f27e84799bff73638e13699496048d13051c8421a1",
                "sha256:856ed81267a802eeaf925d7bf1a676c721f90c162c05ae906ab9c4646086c1a3",
                "sha256:8a8bcb9bbf7af0527ef77d86fa094b647d0e8cd377c5e31c1ad1a3d456b4a10b",
                "sha256:8bbf3f2ab60e39be4363923d2b5996bff65d4163fe560280b71bb8ca18df2055",
                "sha256:916457841e4f335ccd228ac274801f1773973d27be3c53ed3ee1209f7629950e",
                "sha256:a46b85bb42aeeab11f140587b8482d0f04d4b3db6f20f6668624bb0a822a28b0",
                "sha256:a52f5cef4073d9e8d58c8c44d4795cbc2e298d374125745637d8f078f8970b6b",
                "sha256:aa04c207f6abb5d34de148e08b4d461544e808534000c4e5429eda08aa1204d6",
                "sha256:bd34e943810df73d7bf346262dae09281d045edebd086205e9ff2db377bae060",
                "sha256:d0a4d114890b6d619e81140550c45d3611588c00f2baa1d6af9362907687ca1d",
                "sha256:e2e3a6a2a147330d24e6e2b2f144c196841a707a41ee61253565d400ed7df62f"
            ],
            "index": "pypi",
            "version": "==1.3.5"
        },
        "greenlet": {
            "hashes": [
                "sha256:0411b5bf0de5ec11060925fd811ad49073fa19f995bcf408839eb619b59bb9f7",
                "sha256:131f4ed14f0fd28d2a9fa50f79a57d5ed1c8f742d3ccac3d773fee09ef6fe217",
                "sha256:13510d32f8db72a0b3e1720dbf8cba5c4eecdf07abc4cb631982f51256c453d1",
                "sha256:31dc4d77ef04ab0460d024786f51466dbbc274fda7c8aad0885a6df5ff8d642e",
                "sha256:35021d9fecea53b21e4defec0ff3ad69a8e2b75aca1ceddd444a5ba71216547e",
                "sha256:426a8ef9e3b97c27e841648241c2862442c13c91ec4a48c4a72b262ccf30add9",
                "sha256:58217698193fb94f3e6ff57eed0ae20381a8d06c2bc10151f76c06bb449a3a19",
                "sha256:5f45adbbb69281845981bb4e0a4efb8a405f10f3cd6c349cb4a5db3357c6bf93",
                "sha256:5fdb524767288f7ad161d2182f7ed6cafc0a283363728dcd04b9485f6411547c",
                "sha256:71fbee1f7ef3fb42efa3761a8faefc796e7e425f528de536cfb4c9de03bde885",
                "sha256:80bd314157851d06f7db7ca527082dbb0ee97afefb529cdcd59f7a5950927ba0",
                "sha256:b843c9ef6aed54a2649887f55959da0031595ccfaf7e7a0ba7aa681ffeaa0aa1",
                "sha256:c6a05ef8125503d2d282ccf1448e3599b8a6bd805c3cdee79760fa3da0ea090e",
                "sha256:deeda2769a52db840efe5bf7bdf7cefa0ae17b43a844a3259d39fb9465c8b008",
                "sha256:e66f8b09eec1afdcab947d3a1d65b87b25fde39e9172ae1bec562488335633b4",
                "sha256:e8db93045414980dbada8908d49dbbc0aa134277da3ff613b3e548cb275bdd37",
                "sha256:f1cc268a15ade58d9a0c04569fe6613e19b8b0345b64453064e2c3c6d79051af",
                "sha256:fe3001b6a4f3f3582a865b9e5081cc548b973ec20320f297f5e2d46860e9c703",
                "sha256:fe85bf7adb26eb47ad53a1bae5d35a28df16b2b93b89042a3a28746617a4738d"
            ],
            "markers": "platform_python_implementation == 'CPython'",
            "version": "==0.4.14"
        },
        "idna": {
            "hashes": [
                "sha256:156a6814fb5ac1fc6850fb002e0852d56c0c8d2531923a51032d1b70760e186e",
                "sha256:684a38a6f903c1d71d6d5fac066b58d7768af4de2b832e426ec79c30daa94a16"
            ],
            "version": "==2.7"
        },
        "lxml": {
            "hashes": [
                "sha256:0cf1eca0652c4409e0655e04b840d6d85b7eb18718f5fba3862acad5500e3480",
                "sha256:10624ef1b468252309f269b13af4f837e3a82be366b5f3e49b0e83f1ad66205f",
                "sha256:1259e374da3a575615fe402e0966c5894bae3d2e229c2239ba4ebf2bb020c4b6",
                "sha256:26bb748af1ead0097eb8272b8a06f15a0015b8f312eef772a95f223a16e7de56",
                "sha256:27d0b13bcfcf2f6a5664e64fc3d684c76db1cdba5a5761795d154063559e0b59",
                "sha256:2b013fdabcbc21bc2770437099b921ec290235752b5baaac7a601f75094a378d",
                "sha256:2e469ea2c0b722b9b393187649e7d126c537a68512fc92a676fe86e57050c2a9",
                "sha256:37f7c2cdf513a0ea239c1609681880fb2f0073de0d2996e0ae9a7f0ef15d8b95",
                "sha256:68c6afc7a4411db2df28307e2493c945cb3d887e8f431b81811c1ea6ba087b8b",
                "sha256:73fe3452fc02c0b418914f842f897bdad0f1184368d8d9c315294ff7b94946f2",
                "sha256:7584d83d7315f641510e5f97f4d636ea225fd76e3f8aee965b2e8c93a8169b4d",
                "sha256:76e3ec6b26b1198dd5e6e20539d8360dcd3b224cd80cadba9307b790fda79161",
                "sha256:8288a889cbaa446e5fa168837456e63098b91953c89e5857968a5091b337cdca",
                "sha256:ad9e1fee284dec97b74cd88e925eca1575145598c974243cfb5e859f406adc32",
                "sha256:b360c3769cf0fd7d82577e40e37d4caf693f67744d0d61d11d66b5c31eaccf7a",
                "sha256:c4aaf320284a2713428163bae0e7df0db3b489237ab4830179210a12d56d3068",
                "sha256:c530274e43b0f376cd94e8e0a3e6ea28de1739ec4326689bdbf626e172d2e614",
                "sha256:ca4e79294fd0f3f9e0e5a4c309df84b5f2abc62349bfaf2aaf8965e5108ef8e2",
                "sha256:ce2dc5a104e885abbd48d0cc92ae74afa1d685ee65d6e3497067207d6a26e177",
                "sha256:d295cac30d3e13e82473081ea7df2a11352b5625cb54187fcd5a8be5d9ebf315",
                "sha256:d498338b39c4757ba88bdc705b3a0647d18554856cd2d394ac3bb919ac890c9d",
                "sha256:d537f8e613074805e17039e345edaa822534f66f07d315c89cff9824aa996d65",
                "sha256:df8ba3f52ef59a553b0e94593ea526c34faa4f531c1ab7f5ca7f392bc770c9e3",
                "sha256:e2553800d2d461a2dc329682d0a9068f238ec11d763e5454c61c4df7a0346ed2",
                "sha256:e2afbe403090f5893e254958d02875e0732975e73c4c0cdd33c1f009a61963ca",
                "sha256:e740efa625883f3c4de20c7e1411228d7ce2ab47b9e874a703f6681ec0558a30",
                "sha256:ec7864b62da0f5ae44973351247f2250a25b9b544fc6aff8bd6a75da1156cc70",
                "sha256:f26ddab491b10279b7e8e3fdcbaaaba3ab282fbaecfa48a19874dfc4d53b9d4f",
                "sha256:f6a16681f30918521066ddcc4ba79c1e033c9837dd94f78f5a9f6110e7572185",
                "sha256:f968623ac9b81a6253d4bbbe3f4d1e6be5f33707f397b566935783511bfa281a"
            ],
            "index": "pypi",
            "version": "==4.2.4"
        },
        "macholib": {
            "hashes": [
                "sha256:9485686b89d357f4a99fda5a12349b261ecf2baedd526d2c9b6397167a507e90",
                "sha256:a8941ff2cf2519859ed64d1248782442c98f5e1e28a1c331911d5501f74b7b37"
            ],
            "version": "==1.10"
        },
        "pefile": {
            "hashes": [
                "sha256:4c5b7e2de0c8cb6c504592167acf83115cbbde01fe4a507c16a1422850e86cd6"
            ],
            "version": "==2018.8.8"
        },
        "pkginfo": {
            "hashes": [
                "sha256:5878d542a4b3f237e359926384f1dde4e099c9f5525d236b1840cf704fa8d474",
                "sha256:a39076cb3eb34c333a0dd390b568e9e1e881c7bf2cc0aee12120636816f55aee"
            ],
            "version": "==1.4.2"
        },
        "pluggy": {
            "hashes": [
                "sha256:6e3836e39f4d36ae72840833db137f7b7d35105079aee6ec4a62d9f80d594dd1",
                "sha256:95eb8364a4708392bae89035f45341871286a333f749c3141c20573d2b3876e1"
            ],
            "version": "==0.7.1"
        },
        "py": {
            "hashes": [
                "sha256:3fd59af7435864e1a243790d322d763925431213b6b8529c6ca71081ace3bbf7",
                "sha256:e31fb2767eb657cbde86c454f02e99cb846d3cd9d61b318525140214fdc0e98e"
            ],
            "markers": "python_version >= '2.7' and python_version != '3.0.*' and python_version != '3.1.*' and python_version != '3.2.*' and python_version != '3.3.*'",
            "version": "==1.5.4"
        },
        "pycodestyle": {
            "hashes": [
                "sha256:cbc619d09254895b0d12c2c691e237b2e91e9b2ecf5e84c26b35400f93dcfb83",
                "sha256:cbfca99bd594a10f674d0cd97a3d802a1fdef635d4361e1a2658de47ed261e3a"
            ],
            "version": "==2.4.0"
        },
        "pyinstaller": {
            "hashes": [
                "sha256:715f81f24b1ef0e5fe3b3c71e7540551838e46e9de30882aa7c0a521147fd1ce"
            ],
            "index": "pypi",
            "version": "==3.3.1"
        },
        "rarfile": {
            "hashes": [
                "sha256:e816409e3b36794507cbe0b678bed3e4703d7412c5f7f9201a510ed6fdc66c35"
            ],
            "index": "pypi",
            "version": "==3.0"
        },
        "requests": {
            "hashes": [
                "sha256:63b52e3c866428a224f97cab011de738c36aec0185aa91cfacd418b5d58911d1",
                "sha256:ec22d826a36ed72a7358ff3fe56cbd4ba69dd7a6718ffd450ff0e9df7a47ce6a"
            ],
            "index": "pypi",
            "version": "==2.19.1"
        },
        "requests-toolbelt": {
            "hashes": [
                "sha256:42c9c170abc2cacb78b8ab23ac957945c7716249206f90874651971a4acff237",
                "sha256:f6a531936c6fa4c6cfce1b9c10d5c4f498d16528d2a54a22ca00011205a187b5"
            ],
            "version": "==0.8.0"
        },
        "rope": {
            "hashes": [
                "sha256:a108c445e1cd897fe19272ab7877d172e7faf3d4148c80e7d20faba42ea8f7b2"
            ],
            "index": "pypi",
            "version": "==0.11.0"
        },
        "six": {
            "hashes": [
                "sha256:70e8a77beed4562e7f14fe23a786b54f6296e34344c23bc42f07b15018ff98e9",
                "sha256:832dc0e10feb1aa2c68dcc57dbb658f1c7e65b9b61af69048abc87a2db00a0eb"
            ],
            "index": "pypi",
            "version": "==1.11.0"
        },
        "subfinder": {
            "editable": true,
            "path": "."
        },
        "tox": {
            "hashes": [
                "sha256:37cf240781b662fb790710c6998527e65ca6851eace84d1595ee71f7af4e85f7",
                "sha256:eb61aa5bcce65325538686f09848f04ef679b5cd9b83cc491272099b28739600"
            ],
            "index": "pypi",
            "version": "==3.2.1"
        },
        "tqdm": {
            "hashes": [
                "sha256:536e5a0205b6401d8aaf04b21469949c178dbe3642e3c76d3bb494a83cb22a10",
                "sha256:60bbaa6700e87a250f6abcbbd7ddb33243ad592240ba46afce5305b15b406fad"
            ],
            "version": "==4.24.0"
        },
        "twine": {
            "hashes": [
                "sha256:08eb132bbaec40c6d25b358f546ec1dc96ebd2638a86eea68769d9e67fe2b129",
                "sha256:2fd9a4d9ff0bcacf41fdc40c8cb0cfaef1f1859457c9653fd1b92237cc4e9f25"
            ],
            "index": "pypi",
            "version": "==1.11.0"
        },
        "urllib3": {
            "hashes": [
                "sha256:a68ac5e15e76e7e5dd2b8f94007233e01effe3e50e8daddf69acfd81cb686baf",
                "sha256:b5725a0bd4ba422ab0e66e89e030c806576753ea3ee08554382c14e685d117b5"
            ],
            "markers": "python_version != '3.2.*' and python_version != '3.3.*' and python_version != '3.0.*' and python_version != '3.1.*' and python_version < '4' and python_version >= '2.6'",
            "version": "==1.23"
        },
        "virtualenv": {
            "hashes": [
                "sha256:2ce32cd126117ce2c539f0134eb89de91a8413a29baac49cbab3eb50e2026669",
                "sha256:ca07b4c0b54e14a91af9f34d0919790b016923d157afda5efdde55c96718f752"
            ],
            "markers": "python_version >= '2.7' and python_version != '3.0.*' and python_version != '3.1.*' and python_version != '3.2.*'",
            "version": "==16.0.0"
        }
    }
}
